# This file is autogenerated, do not edit; changes may be undone by the next 'dep ensure'.


[[projects]]
  branch = "master"
  digest = "1:1ba1d79f2810270045c328ae5d674321db34e3aae468eb4233883b473c5c0467"
  name = "github.com/golang/glog"
  packages = ["."]
  pruneopts = "UT"
  revision = "23def4e6c14b4da8ac2ed8007337bc5eb5007998"

[[projects]]
  digest = "1:653e04c4515b37169ef5874d752f4254e63b4aedb5c8b3a4118e9e3a4e3503e1"
  name = "gopkg.in/d4l3k/messagediff.v1"
  packages = ["."]
  pruneopts = "UT"
  revision = "29f32d820d112dbd66e58492a6ffb7cc3106312b"
  version = "v1.2.1"

[solve-meta]
  analyzer-name = "dep"
  analyzer-version = 1
  input-imports = [
    "github.com/golang/glog",
    "gopkg.in/d4l3k/messagediff.v1",
  ]
  solver-name = "gps-cdcl"
  solver-version = 1
